
Microsoft Visual Studio Solution File, Format Version 12.00
Project("{FAE04EC0-301F-11D3-BF4B-00C04F79EFBC}") = "VaultUnsealPoc", "VaultUnsealPoc\VaultUnsealPoc.csproj", "{60E72DA9-1414-429A-AE7A-51B9D88C9231}"
EndProject
Global
	GlobalSection(SolutionConfigurationPlatforms) = preSolution
		Debug|Any CPU = Debug|Any CPU
		Release|Any CPU = Release|Any CPU
	EndGlobalSection
	GlobalSection(ProjectConfigurationPlatforms) = postSolution
		{60E72DA9-1414-429A-AE7A-51B9D88C9231}.Debug|Any CPU.ActiveCfg = Debug|Any CPU
		{60E72DA9-1414-429A-AE7A-51B9D88C9231}.Debug|Any CPU.Build.0 = Debug|Any CPU
		{60E72DA9-1414-429A-AE7A-51B9D88C9231}.Release|Any CPU.ActiveCfg = Release|Any CPU
		{60E72DA9-1414-429A-AE7A-51B9D88C9231}.Release|Any CPU.Build.0 = Release|Any CPU
	EndGlobalSection
EndGlobal
